// !$*UTF8*$!
{
	archiveVersion = 1;
	classes = {
	};
	objectVersion = 56;
	objects = {

/* Begin PBXBuildFile section */
		9EBE1D092A75C5F700DAB8F4 /* Extensions.swift in Sources */ = {isa = PBXBuildFile; fileRef = 9EBE1D082A75C5F700DAB8F4 /* Extensions.swift */; };
		9EBE1D0B2A75ED2600DAB8F4 /* TokenInputView.swift in Sources */ = {isa = PBXBuildFile; fileRef = 9EBE1D0A2A75ED2600DAB8F4 /* TokenInputView.swift */; };
		9ECE34392A726EE000A2276E /* Github_PR_NotifierApp.swift in Sources */ = {isa = PBXBuildFile; fileRef = 9ECE34382A726EE000A2276E /* Github_PR_NotifierApp.swift */; };
		9ECE343B2A726EE000A2276E /* ContentView.swift in Sources */ = {isa = PBXBuildFile; fileRef = 9ECE343A2A726EE000A2276E /* ContentView.swift */; };
		9ECE343D2A726EE200A2276E /* Assets.xcassets in Resources */ = {isa = PBXBuildFile; fileRef = 9ECE343C2A726EE200A2276E /* Assets.xcassets */; };
		9ECE34402A726EE200A2276E /* Preview Assets.xcassets in Resources */ = {isa = PBXBuildFile; fileRef = 9ECE343F2A726EE200A2276E /* Preview Assets.xcassets */; };
		9ECE344B2A726EE200A2276E /* Github_PR_NotifierTests.swift in Sources */ = {isa = PBXBuildFile; fileRef = 9ECE344A2A726EE200A2276E /* Github_PR_NotifierTests.swift */; };
		9ECE34552A726EE200A2276E /* Github_PR_NotifierUITests.swift in Sources */ = {isa = PBXBuildFile; fileRef = 9ECE34542A726EE200A2276E /* Github_PR_NotifierUITests.swift */; };
		9ECE34572A726EE200A2276E /* Github_PR_NotifierUITestsLaunchTests.swift in Sources */ = {isa = PBXBuildFile; fileRef = 9ECE34562A726EE200A2276E /* Github_PR_NotifierUITestsLaunchTests.swift */; };
		9ECE34642A72939F00A2276E /* StatusItemView.swift in Sources */ = {isa = PBXBuildFile; fileRef = 9ECE34632A72939F00A2276E /* StatusItemView.swift */; };
		9ECE34662A7293CE00A2276E /* GithubService.swift in Sources */ = {isa = PBXBuildFile; fileRef = 9ECE34652A7293CE00A2276E /* GithubService.swift */; };
		9ECE34682A73B4DE00A2276E /* Models.swift in Sources */ = {isa = PBXBuildFile; fileRef = 9ECE34672A73B4DE00A2276E /* Models.swift */; };
/* End PBXBuildFile section */

/* Begin PBXContainerItemProxy section */
		9ECE34472A726EE200A2276E /* PBXContainerItemProxy */ = {
			isa = PBXContainerItemProxy;
			containerPortal = 9ECE342D2A726EE000A2276E /* Project object */;
			proxyType = 1;
			remoteGlobalIDString = 9ECE34342A726EE000A2276E;
			remoteInfo = "Github PR Notifier";
		};
		9ECE34512A726EE200A2276E /* PBXContainerItemProxy */ = {
			isa = PBXContainerItemProxy;
			containerPortal = 9ECE342D2A726EE000A2276E /* Project object */;
			proxyType = 1;
			remoteGlobalIDString = 9ECE34342A726EE000A2276E;
			remoteInfo = "Github PR Notifier";
		};
/* End PBXContainerItemProxy section */

/* Begin PBXFileReference section */
		9EBE1D072A747AB700DAB8F4 /* Github-PR-Notifier-Info.plist */ = {isa = PBXFileReference; lastKnownFileType = text.plist; path = "Github-PR-Notifier-Info.plist"; sourceTree = SOURCE_ROOT; };
		9EBE1D082A75C5F700DAB8F4 /* Extensions.swift */ = {isa = PBXFileReference; lastKnownFileType = sourcecode.swift; path = Extensions.swift; sourceTree = "<group>"; };
		9EBE1D0A2A75ED2600DAB8F4 /* TokenInputView.swift */ = {isa = PBXFileReference; lastKnownFileType = sourcecode.swift; path = TokenInputView.swift; sourceTree = "<group>"; };
		9ECE34352A726EE000A2276E /* Github PR Notifier.app */ = {isa = PBXFileReference; explicitFileType = wrapper.application; includeInIndex = 0; path = "Github PR Notifier.app"; sourceTree = BUILT_PRODUCTS_DIR; };
		9ECE34382A726EE000A2276E /* Github_PR_NotifierApp.swift */ = {isa = PBXFileReference; lastKnownFileType = sourcecode.swift; path = Github_PR_NotifierApp.swift; sourceTree = "<group>"; };
		9ECE343A2A726EE000A2276E /* ContentView.swift */ = {isa = PBXFileReference; lastKnownFileType = sourcecode.swift; path = ContentView.swift; sourceTree = "<group>"; };
		9ECE343C2A726EE200A2276E /* Assets.xcassets */ = {isa = PBXFileReference; lastKnownFileType = folder.assetcatalog; path = Assets.xcassets; sourceTree = "<group>"; };
		9ECE343F2A726EE200A2276E /* Preview Assets.xcassets */ = {isa = PBXFileReference; lastKnownFileType = folder.assetcatalog; path = "Preview Assets.xcassets"; sourceTree = "<group>"; };
		9ECE34412A726EE200A2276E /* Github_PR_Notifier.entitlements */ = {isa = PBXFileReference; lastKnownFileType = text.plist.entitlements; path = Github_PR_Notifier.entitlements; sourceTree = "<group>"; };
		9ECE34462A726EE200A2276E /* Github PR NotifierTests.xctest */ = {isa = PBXFileReference; explicitFileType = wrapper.cfbundle; includeInIndex = 0; path = "Github PR NotifierTests.xctest"; sourceTree = BUILT_PRODUCTS_DIR; };
		9ECE344A2A726EE200A2276E /* Github_PR_NotifierTests.swift */ = {isa = PBXFileReference; lastKnownFileType = sourcecode.swift; path = Github_PR_NotifierTests.swift; sourceTree = "<group>"; };
		9ECE34502A726EE200A2276E /* Github PR NotifierUITests.xctest */ = {isa = PBXFileReference; explicitFileType = wrapper.cfbundle; includeInIndex = 0; path = "Github PR NotifierUITests.xctest"; sourceTree = BUILT_PRODUCTS_DIR; };
		9ECE34542A726EE200A2276E /* Github_PR_NotifierUITests.swift */ = {isa = PBXFileReference; lastKnownFileType = sourcecode.swift; path = Github_PR_NotifierUITests.swift; sourceTree = "<group>"; };
		9ECE34562A726EE200A2276E /* Github_PR_NotifierUITestsLaunchTests.swift */ = {isa = PBXFileReference; lastKnownFileType = sourcecode.swift; path = Github_PR_NotifierUITestsLaunchTests.swift; sourceTree = "<group>"; };
		9ECE34632A72939F00A2276E /* StatusItemView.swift */ = {isa = PBXFileReference; lastKnownFileType = sourcecode.swift; path = StatusItemView.swift; sourceTree = "<group>"; };
		9ECE34652A7293CE00A2276E /* GithubService.swift */ = {isa = PBXFileReference; lastKnownFileType = sourcecode.swift; path = GithubService.swift; sourceTree = "<group>"; };
		9ECE34672A73B4DE00A2276E /* Models.swift */ = {isa = PBXFileReference; lastKnownFileType = sourcecode.swift; path = Models.swift; sourceTree = "<group>"; };
/* End PBXFileReference section */

/* Begin PBXFrameworksBuildPhase section */
		9ECE34322A726EE000A2276E /* Frameworks */ = {
			isa = PBXFrameworksBuildPhase;
			buildActionMask = 2147483647;
			files = (
			);
			runOnlyForDeploymentPostprocessing = 0;
		};
		9ECE34432A726EE200A2276E /* Frameworks */ = {
			isa = PBXFrameworksBuildPhase;
			buildActionMask = 2147483647;
			files = (
			);
			runOnlyForDeploymentPostprocessing = 0;
		};
		9ECE344D2A726EE200A2276E /* Frameworks */ = {
			isa = PBXFrameworksBuildPhase;
			buildActionMask = 2147483647;
			files = (
			);
			runOnlyForDeploymentPostprocessing = 0;
		};
/* End PBXFrameworksBuildPhase section */

/* Begin PBXGroup section */
		9ECE342C2A726EE000A2276E = {
			isa = PBXGroup;
			children = (
				9ECE34372A726EE000A2276E /* Github PR Notifier */,
				9ECE34492A726EE200A2276E /* Github PR NotifierTests */,
				9ECE34532A726EE200A2276E /* Github PR NotifierUITests */,
				9ECE34362A726EE000A2276E /* Products */,
			);
			sourceTree = "<group>";
		};
		9ECE34362A726EE000A2276E /* Products */ = {
			isa = PBXGroup;
			children = (
				9ECE34352A726EE000A2276E /* Github PR Notifier.app */,
				9ECE34462A726EE200A2276E /* Github PR NotifierTests.xctest */,
				9ECE34502A726EE200A2276E /* Github PR NotifierUITests.xctest */,
			);
			name = Products;
			sourceTree = "<group>";
		};
		9ECE34372A726EE000A2276E /* Github PR Notifier */ = {
			isa = PBXGroup;
			children = (
				9EBE1D072A747AB700DAB8F4 /* Github-PR-Notifier-Info.plist */,
				9ECE34382A726EE000A2276E /* Github_PR_NotifierApp.swift */,
				9ECE343A2A726EE000A2276E /* ContentView.swift */,
				9ECE343C2A726EE200A2276E /* Assets.xcassets */,
				9ECE34412A726EE200A2276E /* Github_PR_Notifier.entitlements */,
				9ECE343E2A726EE200A2276E /* Preview Content */,
				9ECE34632A72939F00A2276E /* StatusItemView.swift */,
				9ECE34652A7293CE00A2276E /* GithubService.swift */,
				9ECE34672A73B4DE00A2276E /* Models.swift */,
				9EBE1D082A75C5F700DAB8F4 /* Extensions.swift */,
				9EBE1D0A2A75ED2600DAB8F4 /* TokenInputView.swift */,
			);
			path = "Github PR Notifier";
			sourceTree = "<group>";
		};
		9ECE343E2A726EE200A2276E /* Preview Content */ = {
			isa = PBXGroup;
			children = (
				9ECE343F2A726EE200A2276E /* Preview Assets.xcassets */,
			);
			path = "Preview Content";
			sourceTree = "<group>";
		};
		9ECE34492A726EE200A2276E /* Github PR NotifierTests */ = {
			isa = PBXGroup;
			children = (
				9ECE344A2A726EE200A2276E /* Github_PR_NotifierTests.swift */,
			);
			path = "Github PR NotifierTests";
			sourceTree = "<group>";
		};
		9ECE34532A726EE200A2276E /* Github PR NotifierUITests */ = {
			isa = PBXGroup;
			children = (
				9ECE34542A726EE200A2276E /* Github_PR_NotifierUITests.swift */,
				9ECE34562A726EE200A2276E /* Github_PR_NotifierUITestsLaunchTests.swift */,
			);
			path = "Github PR NotifierUITests";
			sourceTree = "<group>";
		};
/* End PBXGroup section */

/* Begin PBXNativeTarget section */
		9ECE34342A726EE000A2276E /* Github PR Notifier */ = {
			isa = PBXNativeTarget;
			buildConfigurationList = 9ECE345A2A726EE200A2276E /* Build configuration list for PBXNativeTarget "Github PR Notifier" */;
			buildPhases = (
				9ECE34312A726EE000A2276E /* Sources */,
				9ECE34322A726EE000A2276E /* Frameworks */,
				9ECE34332A726EE000A2276E /* Resources */,
			);
			buildRules = (
			);
			dependencies = (
			);
			name = "Github PR Notifier";
			productName = "Github PR Notifier";
			productReference = 9ECE34352A726EE000A2276E /* Github PR Notifier.app */;
			productType = "com.apple.product-type.application";
		};
		9ECE34452A726EE200A2276E /* Github PR NotifierTests */ = {
			isa = PBXNativeTarget;
			buildConfigurationList = 9ECE345D2A726EE200A2276E /* Build configuration list for PBXNativeTarget "Github PR NotifierTests" */;
			buildPhases = (
				9ECE34422A726EE200A2276E /* Sources */,
				9ECE34432A726EE200A2276E /* Frameworks */,
				9ECE34442A726EE200A2276E /* Resources */,
			);
			buildRules = (
			);
			dependencies = (
				9ECE34482A726EE200A2276E /* PBXTargetDependency */,
			);
			name = "Github PR NotifierTests";
			productName = "Github PR NotifierTests";
			productReference = 9ECE34462A726EE200A2276E /* Github PR NotifierTests.xctest */;
			productType = "com.apple.product-type.bundle.unit-test";
		};
		9ECE344F2A726EE200A2276E /* Github PR NotifierUITests */ = {
			isa = PBXNativeTarget;
			buildConfigurationList = 9ECE34602A726EE200A2276E /* Build configuration list for PBXNativeTarget "Github PR NotifierUITests" */;
			buildPhases = (
				9ECE344C2A726EE200A2276E /* Sources */,
				9ECE344D2A726EE200A2276E /* Frameworks */,
				9ECE344E2A726EE200A2276E /* Resources */,
			);
			buildRules = (
			);
			dependencies = (
				9ECE34522A726EE200A2276E /* PBXTargetDependency */,
			);
			name = "Github PR NotifierUITests";
			productName = "Github PR NotifierUITests";
			productReference = 9ECE34502A726EE200A2276E /* Github PR NotifierUITests.xctest */;
			productType = "com.apple.product-type.bundle.ui-testing";
		};
/* End PBXNativeTarget section */

/* Begin PBXProject section */
		9ECE342D2A726EE000A2276E /* Project object */ = {
			isa = PBXProject;
			attributes = {
				BuildIndependentTargetsInParallel = 1;
				LastSwiftUpdateCheck = 1430;
				LastUpgradeCheck = 1430;
				TargetAttributes = {
					9ECE34342A726EE000A2276E = {
						CreatedOnToolsVersion = 14.3.1;
					};
					9ECE34452A726EE200A2276E = {
						CreatedOnToolsVersion = 14.3.1;
						TestTargetID = 9ECE34342A726EE000A2276E;
					};
					9ECE344F2A726EE200A2276E = {
						CreatedOnToolsVersion = 14.3.1;
						TestTargetID = 9ECE34342A726EE000A2276E;
					};
				};
			};
			buildConfigurationList = 9ECE34302A726EE000A2276E /* Build configuration list for PBXProject "Github PR Notifier" */;
			compatibilityVersion = "Xcode 14.0";
			developmentRegion = en;
			hasScannedForEncodings = 0;
			knownRegions = (
				en,
				Base,
			);
			mainGroup = 9ECE342C2A726EE000A2276E;
			productRefGroup = 9ECE34362A726EE000A2276E /* Products */;
			projectDirPath = "";
			projectRoot = "";
			targets = (
				9ECE34342A726EE000A2276E /* Github PR Notifier */,
				9ECE34452A726EE200A2276E /* Github PR NotifierTests */,
				9ECE344F2A726EE200A2276E /* Github PR NotifierUITests */,
			);
		};
/* End PBXProject section */

/* Begin PBXResourcesBuildPhase section */
		9ECE34332A726EE000A2276E /* Resources */ = {
			isa = PBXResourcesBuildPhase;
			buildActionMask = 2147483647;
			files = (
				9ECE34402A726EE200A2276E /* Preview Assets.xcassets in Resources */,
				9ECE343D2A726EE200A2276E /* Assets.xcassets in Resources */,
			);
			runOnlyForDeploymentPostprocessing = 0;
		};
		9ECE34442A726EE200A2276E /* Resources */ = {
			isa = PBXResourcesBuildPhase;
			buildActionMask = 2147483647;
			files = (
			);
			runOnlyForDeploymentPostprocessing = 0;
		};
		9ECE344E2A726EE200A2276E /* Resources */ = {
			isa = PBXResourcesBuildPhase;
			buildActionMask = 2147483647;
			files = (
			);
			runOnlyForDeploymentPostprocessing = 0;
		};
/* End PBXResourcesBuildPhase section */

/* Begin PBXSourcesBuildPhase section */
		9ECE34312A726EE000A2276E /* Sources */ = {
			isa = PBXSourcesBuildPhase;
			buildActionMask = 2147483647;
			files = (
				9ECE34642A72939F00A2276E /* StatusItemView.swift in Sources */,
				9EBE1D0B2A75ED2600DAB8F4 /* TokenInputView.swift in Sources */,
				9EBE1D092A75C5F700DAB8F4 /* Extensions.swift in Sources */,
				9ECE343B2A726EE000A2276E /* ContentView.swift in Sources */,
				9ECE34662A7293CE00A2276E /* GithubService.swift in Sources */,
				9ECE34392A726EE000A2276E /* Github_PR_NotifierApp.swift in Sources */,
				9ECE34682A73B4DE00A2276E /* Models.swift in Sources */,
			);
			runOnlyForDeploymentPostprocessing = 0;
		};
		9ECE34422A726EE200A2276E /* Sources */ = {
			isa = PBXSourcesBuildPhase;
			buildActionMask = 2147483647;
			files = (
				9ECE344B2A726EE200A2276E /* Github_PR_NotifierTests.swift in Sources */,
			);
			runOnlyForDeploymentPostprocessing = 0;
		};
		9ECE344C2A726EE200A2276E /* Sources */ = {
			isa = PBXSourcesBuildPhase;
			buildActionMask = 2147483647;
			files = (
				9ECE34552A726EE200A2276E /* Github_PR_NotifierUITests.swift in Sources */,
				9ECE34572A726EE200A2276E /* Github_PR_NotifierUITestsLaunchTests.swift in Sources */,
			);
			runOnlyForDeploymentPostprocessing = 0;
		};
/* End PBXSourcesBuildPhase section */

/* Begin PBXTargetDependency section */
		9ECE34482A726EE200A2276E /* PBXTargetDependency */ = {
			isa = PBXTargetDependency;
			target = 9ECE34342A726EE000A2276E /* Github PR Notifier */;
			targetProxy = 9ECE34472A726EE200A2276E /* PBXContainerItemProxy */;
		};
		9ECE34522A726EE200A2276E /* PBXTargetDependency */ = {
			isa = PBXTargetDependency;
			target = 9ECE34342A726EE000A2276E /* Github PR Notifier */;
			targetProxy = 9ECE34512A726EE200A2276E /* PBXContainerItemProxy */;
		};
/* End PBXTargetDependency section */

/* Begin XCBuildConfiguration section */
		9ECE34582A726EE200A2276E /* Debug */ = {
			isa = XCBuildConfiguration;
			buildSettings = {
				ALWAYS_SEARCH_USER_PATHS = NO;
				CLANG_ANALYZER_NONNULL = YES;
				CLANG_ANALYZER_NUMBER_OBJECT_CONVERSION = YES_AGGRESSIVE;
				CLANG_CXX_LANGUAGE_STANDARD = "gnu++20";
				CLANG_ENABLE_MODULES = YES;
				CLANG_ENABLE_OBJC_ARC = YES;
				CLANG_ENABLE_OBJC_WEAK = YES;
				CLANG_WARN_BLOCK_CAPTURE_AUTORELEASING = YES;
				CLANG_WARN_BOOL_CONVERSION = YES;
				CLANG_WARN_COMMA = YES;
				CLANG_WARN_CONSTANT_CONVERSION = YES;
				CLANG_WARN_DEPRECATED_OBJC_IMPLEMENTATIONS = YES;
				CLANG_WARN_DIRECT_OBJC_ISA_USAGE = YES_ERROR;
				CLANG_WARN_DOCUMENTATION_COMMENTS = YES;
				CLANG_WARN_EMPTY_BODY = YES;
				CLANG_WARN_ENUM_CONVERSION = YES;
				CLANG_WARN_INFINITE_RECURSION = YES;
				CLANG_WARN_INT_CONVERSION = YES;
				CLANG_WARN_NON_LITERAL_NULL_CONVERSION = YES;
				CLANG_WARN_OBJC_IMPLICIT_RETAIN_SELF = YES;
				CLANG_WARN_OBJC_LITERAL_CONVERSION = YES;
				CLANG_WARN_OBJC_ROOT_CLASS = YES_ERROR;
				CLANG_WARN_QUOTED_INCLUDE_IN_FRAMEWORK_HEADER = YES;
				CLANG_WARN_RANGE_LOOP_ANALYSIS = YES;
				CLANG_WARN_STRICT_PROTOTYPES = YES;
				CLANG_WARN_SUSPICIOUS_MOVE = YES;
				CLANG_WARN_UNGUARDED_AVAILABILITY = YES_AGGRESSIVE;
				CLANG_WARN_UNREACHABLE_CODE = YES;
				CLANG_WARN__DUPLICATE_METHOD_MATCH = YES;
				COPY_PHASE_STRIP = NO;
				DEBUG_INFORMATION_FORMAT = dwarf;
				ENABLE_STRICT_OBJC_MSGSEND = YES;
				ENABLE_TESTABILITY = YES;
				GCC_C_LANGUAGE_STANDARD = gnu11;
				GCC_DYNAMIC_NO_PIC = NO;
				GCC_NO_COMMON_BLOCKS = YES;
				GCC_OPTIMIZATION_LEVEL = 0;
				GCC_PREPROCESSOR_DEFINITIONS = (
					"DEBUG=1",
					"$(inherited)",
				);
				GCC_WARN_64_TO_32_BIT_CONVERSION = YES;
				GCC_WARN_ABOUT_RETURN_TYPE = YES_ERROR;
				GCC_WARN_UNDECLARED_SELECTOR = YES;
				GCC_WARN_UNINITIALIZED_AUTOS = YES_AGGRESSIVE;
				GCC_WARN_UNUSED_FUNCTION = YES;
				GCC_WARN_UNUSED_VARIABLE = YES;
				MACOSX_DEPLOYMENT_TARGET = 13.3;
				MTL_ENABLE_DEBUG_INFO = INCLUDE_SOURCE;
				MTL_FAST_MATH = YES;
				ONLY_ACTIVE_ARCH = YES;
				SDKROOT = macosx;
				SWIFT_ACTIVE_COMPILATION_CONDITIONS = DEBUG;
				SWIFT_OPTIMIZATION_LEVEL = "-Onone";
			};
			name = Debug;
		};
		9ECE34592A726EE200A2276E /* Release */ = {
			isa = XCBuildConfiguration;
			buildSettings = {
				ALWAYS_SEARCH_USER_PATHS = NO;
				CLANG_ANALYZER_NONNULL = YES;
				CLANG_ANALYZER_NUMBER_OBJECT_CONVERSION = YES_AGGRESSIVE;
				CLANG_CXX_LANGUAGE_STANDARD = "gnu++20";
				CLANG_ENABLE_MODULES = YES;
				CLANG_ENABLE_OBJC_ARC = YES;
				CLANG_ENABLE_OBJC_WEAK = YES;
				CLANG_WARN_BLOCK_CAPTURE_AUTORELEASING = YES;
				CLANG_WARN_BOOL_CONVERSION = YES;
				CLANG_WARN_COMMA = YES;
				CLANG_WARN_CONSTANT_CONVERSION = YES;
				CLANG_WARN_DEPRECATED_OBJC_IMPLEMENTATIONS = YES;
				CLANG_WARN_DIRECT_OBJC_ISA_USAGE = YES_ERROR;
				CLANG_WARN_DOCUMENTATION_COMMENTS = YES;
				CLANG_WARN_EMPTY_BODY = YES;
				CLANG_WARN_ENUM_CONVERSION = YES;
				CLANG_WARN_INFINITE_RECURSION = YES;
				CLANG_WARN_INT_CONVERSION = YES;
				CLANG_WARN_NON_LITERAL_NULL_CONVERSION = YES;
				CLANG_WARN_OBJC_IMPLICIT_RETAIN_SELF = YES;
				CLANG_WARN_OBJC_LITERAL_CONVERSION = YES;
				CLANG_WARN_OBJC_ROOT_CLASS = YES_ERROR;
				CLANG_WARN_QUOTED_INCLUDE_IN_FRAMEWORK_HEADER = YES;
				CLANG_WARN_RANGE_LOOP_ANALYSIS = YES;
				CLANG_WARN_STRICT_PROTOTYPES = YES;
				CLANG_WARN_SUSPICIOUS_MOVE = YES;
				CLANG_WARN_UNGUARDED_AVAILABILITY = YES_AGGRESSIVE;
				CLANG_WARN_UNREACHABLE_CODE = YES;
				CLANG_WARN__DUPLICATE_METHOD_MATCH = YES;
				COPY_PHASE_STRIP = NO;
				DEBUG_INFORMATION_FORMAT = "dwarf-with-dsym";
				ENABLE_NS_ASSERTIONS = NO;
				ENABLE_STRICT_OBJC_MSGSEND = YES;
				GCC_C_LANGUAGE_STANDARD = gnu11;
				GCC_NO_COMMON_BLOCKS = YES;
				GCC_WARN_64_TO_32_BIT_CONVERSION = YES;
				GCC_WARN_ABOUT_RETURN_TYPE = YES_ERROR;
				GCC_WARN_UNDECLARED_SELECTOR = YES;
				GCC_WARN_UNINITIALIZED_AUTOS = YES_AGGRESSIVE;
				GCC_WARN_UNUSED_FUNCTION = YES;
				GCC_WARN_UNUSED_VARIABLE = YES;
				MACOSX_DEPLOYMENT_TARGET = 13.3;
				MTL_ENABLE_DEBUG_INFO = NO;
				MTL_FAST_MATH = YES;
				SDKROOT = macosx;
				SWIFT_COMPILATION_MODE = wholemodule;
				SWIFT_OPTIMIZATION_LEVEL = "-O";
			};
			name = Release;
		};
		9ECE345B2A726EE200A2276E /* Debug */ = {
			isa = XCBuildConfiguration;
			buildSettings = {
				ASSETCATALOG_COMPILER_APPICON_NAME = AppIcon;
				ASSETCATALOG_COMPILER_GLOBAL_ACCENT_COLOR_NAME = AccentColor;
				ASSETCATALOG_COMPILER_INCLUDE_ALL_APPICON_ASSETS = YES;
				CODE_SIGN_ENTITLEMENTS = "Github PR Notifier/Github_PR_Notifier.entitlements";
				CODE_SIGN_STYLE = Automatic;
				COMBINE_HIDPI_IMAGES = YES;
				CURRENT_PROJECT_VERSION = 1;
				DEVELOPMENT_ASSET_PATHS = "\"Github PR Notifier/Preview Content\"";
				DEVELOPMENT_TEAM = WEQJVQR4NT;
				ENABLE_HARDENED_RUNTIME = YES;
				ENABLE_PREVIEWS = YES;
				GENERATE_INFOPLIST_FILE = YES;
				INFOPLIST_FILE = "Github-PR-Notifier-Info.plist";
				INFOPLIST_KEY_CFBundleDisplayName = "Github PR Notifier";
				INFOPLIST_KEY_LSApplicationCategoryType = "public.app-category.developer-tools";
				INFOPLIST_KEY_LSUIElement = YES;
				INFOPLIST_KEY_NSHumanReadableCopyright = "";
				LD_RUNPATH_SEARCH_PATHS = (
					"$(inherited)",
					"@executable_path/../Frameworks",
				);
				MARKETING_VERSION = 1.0;
				PRODUCT_BUNDLE_IDENTIFIER = "com.digitalchronos.Github-PR-Notifier";
				PRODUCT_NAME = "$(TARGET_NAME)";
				SWIFT_EMIT_LOC_STRINGS = YES;
				SWIFT_VERSION = 5.0;
			};
			name = Debug;
		};
		9ECE345C2A726EE200A2276E /* Release */ = {
			isa = XCBuildConfiguration;
			buildSettings = {
				ASSETCATALOG_COMPILER_APPICON_NAME = AppIcon;
				ASSETCATALOG_COMPILER_GLOBAL_ACCENT_COLOR_NAME = AccentColor;
				ASSETCATALOG_COMPILER_INCLUDE_ALL_APPICON_ASSETS = YES;
				CODE_SIGN_ENTITLEMENTS = "Github PR Notifier/Github_PR_Notifier.entitlements";
				CODE_SIGN_STYLE = Automatic;
				COMBINE_HIDPI_IMAGES = YES;
				CURRENT_PROJECT_VERSION = 1;
				DEVELOPMENT_ASSET_PATHS = "\"Github PR Notifier/Preview Content\"";
				DEVELOPMENT_TEAM = WEQJVQR4NT;
				ENABLE_HARDENED_RUNTIME = YES;
				ENABLE_PREVIEWS = YES;
				GENERATE_INFOPLIST_FILE = YES;
				INFOPLIST_FILE = "Github-PR-Notifier-Info.plist";
				INFOPLIST_KEY_CFBundleDisplayName = "Github PR Notifier";
				INFOPLIST_KEY_LSApplicationCategoryType = "public.app-category.developer-tools";
				INFOPLIST_KEY_LSUIElement = YES;
				INFOPLIST_KEY_NSHumanReadableCopyright = "";
				LD_RUNPATH_SEARCH_PATHS = (
					"$(inherited)",
					"@executable_path/../Frameworks",
				);
				MARKETING_VERSION = 1.0;
				PRODUCT_BUNDLE_IDENTIFIER = "com.digitalchronos.Github-PR-Notifier";
				PRODUCT_NAME = "$(TARGET_NAME)";
				SWIFT_EMIT_LOC_STRINGS = YES;
				SWIFT_VERSION = 5.0;
			};
			name = Release;
		};
		9ECE345E2A726EE200A2276E /* Debug */ = {
			isa = XCBuildConfiguration;
			buildSettings = {
				ALWAYS_EMBED_SWIFT_STANDARD_LIBRARIES = YES;
				BUNDLE_LOADER = "$(TEST_HOST)";
				"CODE_SIGN_IDENTITY[sdk=macosx*]" = "Apple Development";
				CODE_SIGN_STYLE = Automatic;
				CURRENT_PROJECT_VERSION = 1;
				DEVELOPMENT_TEAM = WEQJVQR4NT;
				GENERATE_INFOPLIST_FILE = YES;
				MACOSX_DEPLOYMENT_TARGET = 13.3;
				MARKETING_VERSION = 1.0;
				PRODUCT_BUNDLE_IDENTIFIER = "com.digitalchronos.Github-PR-NotifierTests";
				PRODUCT_NAME = "$(TARGET_NAME)";
				SWIFT_EMIT_LOC_STRINGS = NO;
				SWIFT_VERSION = 5.0;
				TEST_HOST = "$(BUILT_PRODUCTS_DIR)/Github PR Notifier.app/$(BUNDLE_EXECUTABLE_FOLDER_PATH)/Github PR Notifier";
			};
			name = Debug;
		};
		9ECE345F2A726EE200A2276E /* Release */ = {
			isa = XCBuildConfiguration;
			buildSettings = {
				ALWAYS_EMBED_SWIFT_STANDARD_LIBRARIES = YES;
				BUNDLE_LOADER = "$(TEST_HOST)";
				"CODE_SIGN_IDENTITY[sdk=macosx*]" = "Apple Development";
				CODE_SIGN_STYLE = Automatic;
				CURRENT_PROJECT_VERSION = 1;
				DEVELOPMENT_TEAM = WEQJVQR4NT;
				GENERATE_INFOPLIST_FILE = YES;
				MACOSX_DEPLOYMENT_TARGET = 13.3;
				MARKETING_VERSION = 1.0;
				PRODUCT_BUNDLE_IDENTIFIER = "com.digitalchronos.Github-PR-NotifierTests";
				PRODUCT_NAME = "$(TARGET_NAME)";
				SWIFT_EMIT_LOC_STRINGS = NO;
				SWIFT_VERSION = 5.0;
				TEST_HOST = "$(BUILT_PRODUCTS_DIR)/Github PR Notifier.app/$(BUNDLE_EXECUTABLE_FOLDER_PATH)/Github PR Notifier";
			};
			name = Release;
		};
		9ECE34612A726EE200A2276E /* Debug */ = {
			isa = XCBuildConfiguration;
			buildSettings = {
				ALWAYS_EMBED_SWIFT_STANDARD_LIBRARIES = YES;
				CODE_SIGN_STYLE = Automatic;
				CURRENT_PROJECT_VERSION = 1;
				DEVELOPMENT_TEAM = WEQJVQR4NT;
				GENERATE_INFOPLIST_FILE = YES;
				MARKETING_VERSION = 1.0;
				PRODUCT_BUNDLE_IDENTIFIER = "com.digitalchronos.Github-PR-NotifierUITests";
				PRODUCT_NAME = "$(TARGET_NAME)";
				SWIFT_EMIT_LOC_STRINGS = NO;
				SWIFT_VERSION = 5.0;
				TEST_TARGET_NAME = "Github PR Notifier";
			};
			name = Debug;
		};
		9ECE34622A726EE200A2276E /* Release */ = {
			isa = XCBuildConfiguration;
			buildSettings = {
				ALWAYS_EMBED_SWIFT_STANDARD_LIBRARIES = YES;
				CODE_SIGN_STYLE = Automatic;
				CURRENT_PROJECT_VERSION = 1;
				DEVELOPMENT_TEAM = WEQJVQR4NT;
				GENERATE_INFOPLIST_FILE = YES;
				MARKETING_VERSION = 1.0;
				PRODUCT_BUNDLE_IDENTIFIER = "com.digitalchronos.Github-PR-NotifierUITests";
				PRODUCT_NAME = "$(TARGET_NAME)";
				SWIFT_EMIT_LOC_STRINGS = NO;
				SWIFT_VERSION = 5.0;
				TEST_TARGET_NAME = "Github PR Notifier";
			};
			name = Release;
		};
/* End XCBuildConfiguration section */

/* Begin XCConfigurationList section */
		9ECE34302A726EE000A2276E /* Build configuration list for PBXProject "Github PR Notifier" */ = {
			isa = XCConfigurationList;
			buildConfigurations = (
				9ECE34582A726EE200A2276E /* Debug */,
				9ECE34592A726EE200A2276E /* Release */,
			);
			defaultConfigurationIsVisible = 0;
			defaultConfigurationName = Release;
		};
		9ECE345A2A726EE200A2276E /* Build configuration list for PBXNativeTarget "Github PR Notifier" */ = {
			isa = XCConfigurationList;
			buildConfigurations = (
				9ECE345B2A726EE200A2276E /* Debug */,
				9ECE345C2A726EE200A2276E /* Release */,
			);
			defaultConfigurationIsVisible = 0;
			defaultConfigurationName = Release;
		};
		9ECE345D2A726EE200A2276E /* Build configuration list for PBXNativeTarget "Github PR NotifierTests" */ = {
			isa = XCConfigurationList;
			buildConfigurations = (
				9ECE345E2A726EE200A2276E /* Debug */,
				9ECE345F2A726EE200A2276E /* Release */,
			);
			defaultConfigurationIsVisible = 0;
			defaultConfigurationName = Release;
		};
		9ECE34602A726EE200A2276E /* Build configuration list for PBXNativeTarget "Github PR NotifierUITests" */ = {
			isa = XCConfigurationList;
			buildConfigurations = (
				9ECE34612A726EE200A2276E /* Debug */,
				9ECE34622A726EE200A2276E /* Release */,
			);
			defaultConfigurationIsVisible = 0;
			defaultConfigurationName = Release;
		};
/* End XCConfigurationList section */
	};
	rootObject = 9ECE342D2A726EE000A2276E /* Project object */;
}
